
Microsoft Visual Studio Solution File, Format Version 12.00
# Visual Studio Version 17
VisualStudioVersion = 17.2.32505.173
MinimumVisualStudioVersion = 10.0.40219.1
Project("{FAE04EC0-301F-11D3-BF4B-00C04F79EFBC}") = "SolutionParking", "SolutionParking.csproj", "{C5D544FD-0101-42C8-AD84-FB6B5262DA29}"
EndProject
Global
	GlobalSection(SolutionConfigurationPlatforms) = preSolution
		Debug|Any CPU = Debug|Any CPU
		Release|Any CPU = Release|Any CPU
	EndGlobalSection
	GlobalSection(ProjectConfigurationPlatforms) = postSolution
		{C5D544FD-0101-42C8-AD84-FB6B5262DA29}.Debug|Any CPU.ActiveCfg = Debug|Any CPU
		{C5D544FD-0101-42C8-AD84-FB6B5262DA29}.Debug|Any CPU.Build.0 = Debug|Any CPU
		{C5D544FD-0101-42C8-AD84-FB6B5262DA29}.Release|Any CPU.ActiveCfg = Release|Any CPU
		{C5D544FD-0101-42C8-AD84-FB6B5262DA29}.Release|Any CPU.Build.0 = Release|Any CPU
	EndGlobalSection
	GlobalSection(SolutionProperties) = preSolution
		HideSolutionNode = FALSE
	EndGlobalSection
	GlobalSection(ExtensibilityGlobals) = postSolution
		SolutionGuid = {E779D73D-E22E-49FB-BC51-46CD4313D0FE}
	EndGlobalSection
EndGlobal
